
Microsoft Visual Studio Solution File, Format Version 12.00
# Visual Studio Version 16
VisualStudioVersion = 16.0.30621.155
MinimumVisualStudioVersion = 10.0.40219.1
Project("{9A19103F-16F7-4668-BE54-9A1E7A4F7556}") = "ConsultorArquivos.API", "src\ConsultorArquivos.API\ConsultorArquivos.API.csproj", "{22185E57-0DF8-43AD-AD58-883EEDF40FC2}"
EndProject
Project("{9A19103F-16F7-4668-BE54-9A1E7A4F7556}") = "ConsultorArquivos.Data", "src\ConsultorArquivos.Data\ConsultorArquivos.Data.csproj", "{CCC2DA61-64C7-470C-8DA7-FA15EBCB593B}"
EndProject
Project("{9A19103F-16F7-4668-BE54-9A1E7A4F7556}") = "ConsultorArquivos.WorkerService", "src\ConsultorArquivos.WorkerService\ConsultorArquivos.WorkerService.csproj", "{94576F40-B112-4443-9DBC-FCC96AE9F45C}"
EndProject
Project("{9A19103F-16F7-4668-BE54-9A1E7A4F7556}") = "ConsultorArquivos.LeitorArquivos", "src\ConsultorArquivos.LeitorArquivos\ConsultorArquivos.LeitorArquivos.csproj", "{C2E0F46D-920F-4C52-A6AF-AB0422ADD2AD}"
EndProject
Project("{9A19103F-16F7-4668-BE54-9A1E7A4F7556}") = "ConsultorArquivos.Domain", "src\ConsultorArquivos.Domain\ConsultorArquivos.Domain.csproj", "{26C10FBB-7318-4700-8037-198D4D9955D6}"
EndProject
Global
	GlobalSection(SolutionConfigurationPlatforms) = preSolution
		Debug|Any CPU = Debug|Any CPU
		Release|Any CPU = Release|Any CPU
	EndGlobalSection
	GlobalSection(ProjectConfigurationPlatforms) = postSolution
		{22185E57-0DF8-43AD-AD58-883EEDF40FC2}.Debug|Any CPU.ActiveCfg = Debug|Any CPU
		{22185E57-0DF8-43AD-AD58-883EEDF40FC2}.Debug|Any CPU.Build.0 = Debug|Any CPU
		{22185E57-0DF8-43AD-AD58-883EEDF40FC2}.Release|Any CPU.ActiveCfg = Release|Any CPU
		{22185E57-0DF8-43AD-AD58-883EEDF40FC2}.Release|Any CPU.Build.0 = Release|Any CPU
		{CCC2DA61-64C7-470C-8DA7-FA15EBCB593B}.Debug|Any CPU.ActiveCfg = Debug|Any CPU
		{CCC2DA61-64C7-470C-8DA7-FA15EBCB593B}.Debug|Any CPU.Build.0 = Debug|Any CPU
		{CCC2DA61-64C7-470C-8DA7-FA15EBCB593B}.Release|Any CPU.ActiveCfg = Release|Any CPU
		{CCC2DA61-64C7-470C-8DA7-FA15EBCB593B}.Release|Any CPU.Build.0 = Release|Any CPU
		{94576F40-B112-4443-9DBC-FCC96AE9F45C}.Debug|Any CPU.ActiveCfg = Debug|Any CPU
		{94576F40-B112-4443-9DBC-FCC96AE9F45C}.Debug|Any CPU.Build.0 = Debug|Any CPU
		{94576F40-B112-4443-9DBC-FCC96AE9F45C}.Release|Any CPU.ActiveCfg = Release|Any CPU
		{94576F40-B112-4443-9DBC-FCC96AE9F45C}.Release|Any CPU.Build.0 = Release|Any CPU
		{C2E0F46D-920F-4C52-A6AF-AB0422ADD2AD}.Debug|Any CPU.ActiveCfg = Debug|Any CPU
		{C2E0F46D-920F-4C52-A6AF-AB0422ADD2AD}.Debug|Any CPU.Build.0 = Debug|Any CPU
		{C2E0F46D-920F-4C52-A6AF-AB0422ADD2AD}.Release|Any CPU.ActiveCfg = Release|Any CPU
		{C2E0F46D-920F-4C52-A6AF-AB0422ADD2AD}.Release|Any CPU.Build.0 = Release|Any CPU
		{26C10FBB-7318-4700-8037-198D4D9955D6}.Debug|Any CPU.ActiveCfg = Debug|Any CPU
		{26C10FBB-7318-4700-8037-198D4D9955D6}.Debug|Any CPU.Build.0 = Debug|Any CPU
		{26C10FBB-7318-4700-8037-198D4D9955D6}.Release|Any CPU.ActiveCfg = Release|Any CPU
		{26C10FBB-7318-4700-8037-198D4D9955D6}.Release|Any CPU.Build.0 = Release|Any CPU
	EndGlobalSection
	GlobalSection(SolutionProperties) = preSolution
		HideSolutionNode = FALSE
	EndGlobalSection
	GlobalSection(ExtensibilityGlobals) = postSolution
		SolutionGuid = {9CD67B87-262C-4BF6-85AF-57B2A844BE6F}
	EndGlobalSection
EndGlobal
